
Microsoft Visual Studio Solution File, Format Version 12.00
# Visual Studio 15
VisualStudioVersion = 15.0.28010.0
MinimumVisualStudioVersion = 10.0.40219.1
Project("{9A19103F-16F7-4668-BE54-9A1E7A4F7556}") = "IdentityServer", "IdentityServer\IdentityServer.csproj", "{1ED0E66F-C87D-4636-A331-113D56FC5494}"
EndProject
Project("{FAE04EC0-301F-11D3-BF4B-00C04F79EFBC}") = "SwggerUIApi", "SwggerUIApi\SwggerUIApi.csproj", "{F44C1DB3-74BC-4566-80DC-689FF7B23910}"
EndProject
Global
	GlobalSection(SolutionConfigurationPlatforms) = preSolution
		Debug|Any CPU = Debug|Any CPU
		Release|Any CPU = Release|Any CPU
	EndGlobalSection
	GlobalSection(ProjectConfigurationPlatforms) = postSolution
		{1ED0E66F-C87D-4636-A331-113D56FC5494}.Debug|Any CPU.ActiveCfg = Debug|Any CPU
		{1ED0E66F-C87D-4636-A331-113D56FC5494}.Debug|Any CPU.Build.0 = Debug|Any CPU
		{1ED0E66F-C87D-4636-A331-113D56FC5494}.Release|Any CPU.ActiveCfg = Release|Any CPU
		{1ED0E66F-C87D-4636-A331-113D56FC5494}.Release|Any CPU.Build.0 = Release|Any CPU
		{F44C1DB3-74BC-4566-80DC-689FF7B23910}.Debug|Any CPU.ActiveCfg = Debug|Any CPU
		{F44C1DB3-74BC-4566-80DC-689FF7B23910}.Debug|Any CPU.Build.0 = Debug|Any CPU
		{F44C1DB3-74BC-4566-80DC-689FF7B23910}.Release|Any CPU.ActiveCfg = Release|Any CPU
		{F44C1DB3-74BC-4566-80DC-689FF7B23910}.Release|Any CPU.Build.0 = Release|Any CPU
	EndGlobalSection
	GlobalSection(SolutionProperties) = preSolution
		HideSolutionNode = FALSE
	EndGlobalSection
	GlobalSection(ExtensibilityGlobals) = postSolution
		SolutionGuid = {0F5D047D-5F57-4D21-B23F-AEC80961B9B4}
	EndGlobalSection
EndGlobal
